
Microsoft Visual Studio Solution File, Format Version 12.00
# Visual Studio Version 17
VisualStudioVersion = 17.6.33829.357
MinimumVisualStudioVersion = 10.0.40219.1
Project("{FAE04EC0-301F-11D3-BF4B-00C04F79EFBC}") = "Entities", "Entities\Entities.csproj", "{E1AB3068-4331-4292-ACD3-2C415349B6CF}"
EndProject
Project("{2150E333-8FDC-42A3-9474-1A3956D46DE8}") = "1 - Apresentação", "1 - Apresentação", "{57ED3D60-688A-4BE2-B4BE-36B529111E70}"
EndProject
Project("{2150E333-8FDC-42A3-9474-1A3956D46DE8}") = "2 - Dominio", "2 - Dominio", "{B08DE5C1-E6C1-4CF0-804E-3FA9A74F8B9F}"
EndProject
Project("{2150E333-8FDC-42A3-9474-1A3956D46DE8}") = "3 - InfraEstrutura", "3 - InfraEstrutura", "{B53D8808-F4C1-464F-903C-5D5E99A51B8E}"
EndProject
Project("{2150E333-8FDC-42A3-9474-1A3956D46DE8}") = "4 - Entidades", "4 - Entidades", "{72C682A2-5B4C-4513-8210-C000A8C37A34}"
EndProject
Project("{2150E333-8FDC-42A3-9474-1A3956D46DE8}") = "5 - Helpers", "5 - Helpers", "{18CE80CC-A524-4831-A1F6-13FBE940569A}"
EndProject
Project("{FAE04EC0-301F-11D3-BF4B-00C04F79EFBC}") = "Helpers", "Helpers\Helpers.csproj", "{758E46BD-2394-4FBC-9955-19B991C81AF3}"
EndProject
Project("{FAE04EC0-301F-11D3-BF4B-00C04F79EFBC}") = "Infra", "Infra\Infra.csproj", "{615A4642-811B-4171-B59B-182FB1D4708B}"
EndProject
Project("{FAE04EC0-301F-11D3-BF4B-00C04F79EFBC}") = "Dominio", "Dominio\Dominio.csproj", "{54C5B53E-0736-497B-A880-A1E473EC1DDD}"
EndProject
Project("{FAE04EC0-301F-11D3-BF4B-00C04F79EFBC}") = "WebApi", "WebApi\WebApi.csproj", "{CADBC9FB-FDFC-4DA3-8C1E-9788100669B4}"
EndProject
Project("{2150E333-8FDC-42A3-9474-1A3956D46DE8}") = "Interfaces", "Interfaces", "{241AA497-6F79-43DD-8D7C-16713DD5DCA0}"
EndProject
Project("{2150E333-8FDC-42A3-9474-1A3956D46DE8}") = "Configuracao", "Configuracao", "{2FD357E0-9252-41D2-9539-7AF5F57CF354}"
EndProject
Project("{2150E333-8FDC-42A3-9474-1A3956D46DE8}") = "Repositorio", "Repositorio", "{E24A1498-72D6-4022-B456-83F5EE74F458}"
EndProject
Project("{2150E333-8FDC-42A3-9474-1A3956D46DE8}") = "Entidades", "Entidades", "{78870242-D69B-4171-88B3-CE825BF280DE}"
EndProject
Project("{2150E333-8FDC-42A3-9474-1A3956D46DE8}") = "Enums", "Enums", "{570796D3-C0D9-4CC9-8402-D4326975B707}"
EndProject
Project("{2150E333-8FDC-42A3-9474-1A3956D46DE8}") = "Notificacoes", "Notificacoes", "{D575F827-6A51-4299-B622-179083CD139A}"
EndProject
Global
	GlobalSection(SolutionConfigurationPlatforms) = preSolution
		Debug|Any CPU = Debug|Any CPU
		Release|Any CPU = Release|Any CPU
	EndGlobalSection
	GlobalSection(ProjectConfigurationPlatforms) = postSolution
		{E1AB3068-4331-4292-ACD3-2C415349B6CF}.Debug|Any CPU.ActiveCfg = Debug|Any CPU
		{E1AB3068-4331-4292-ACD3-2C415349B6CF}.Debug|Any CPU.Build.0 = Debug|Any CPU
		{E1AB3068-4331-4292-ACD3-2C415349B6CF}.Release|Any CPU.ActiveCfg = Release|Any CPU
		{E1AB3068-4331-4292-ACD3-2C415349B6CF}.Release|Any CPU.Build.0 = Release|Any CPU
		{758E46BD-2394-4FBC-9955-19B991C81AF3}.Debug|Any CPU.ActiveCfg = Debug|Any CPU
		{758E46BD-2394-4FBC-9955-19B991C81AF3}.Debug|Any CPU.Build.0 = Debug|Any CPU
		{758E46BD-2394-4FBC-9955-19B991C81AF3}.Release|Any CPU.ActiveCfg = Release|Any CPU
		{758E46BD-2394-4FBC-9955-19B991C81AF3}.Release|Any CPU.Build.0 = Release|Any CPU
		{615A4642-811B-4171-B59B-182FB1D4708B}.Debug|Any CPU.ActiveCfg = Debug|Any CPU
		{615A4642-811B-4171-B59B-182FB1D4708B}.Debug|Any CPU.Build.0 = Debug|Any CPU
		{615A4642-811B-4171-B59B-182FB1D4708B}.Release|Any CPU.ActiveCfg = Release|Any CPU
		{615A4642-811B-4171-B59B-182FB1D4708B}.Release|Any CPU.Build.0 = Release|Any CPU
		{54C5B53E-0736-497B-A880-A1E473EC1DDD}.Debug|Any CPU.ActiveCfg = Debug|Any CPU
		{54C5B53E-0736-497B-A880-A1E473EC1DDD}.Debug|Any CPU.Build.0 = Debug|Any CPU
		{54C5B53E-0736-497B-A880-A1E473EC1DDD}.Release|Any CPU.ActiveCfg = Release|Any CPU
		{54C5B53E-0736-497B-A880-A1E473EC1DDD}.Release|Any CPU.Build.0 = Release|Any CPU
		{CADBC9FB-FDFC-4DA3-8C1E-9788100669B4}.Debug|Any CPU.ActiveCfg = Debug|Any CPU
		{CADBC9FB-FDFC-4DA3-8C1E-9788100669B4}.Debug|Any CPU.Build.0 = Debug|Any CPU
		{CADBC9FB-FDFC-4DA3-8C1E-9788100669B4}.Release|Any CPU.ActiveCfg = Release|Any CPU
		{CADBC9FB-FDFC-4DA3-8C1E-9788100669B4}.Release|Any CPU.Build.0 = Release|Any CPU
	EndGlobalSection
	GlobalSection(SolutionProperties) = preSolution
		HideSolutionNode = FALSE
	EndGlobalSection
	GlobalSection(NestedProjects) = preSolution
		{E1AB3068-4331-4292-ACD3-2C415349B6CF} = {72C682A2-5B4C-4513-8210-C000A8C37A34}
		{758E46BD-2394-4FBC-9955-19B991C81AF3} = {18CE80CC-A524-4831-A1F6-13FBE940569A}
		{615A4642-811B-4171-B59B-182FB1D4708B} = {B53D8808-F4C1-464F-903C-5D5E99A51B8E}
		{54C5B53E-0736-497B-A880-A1E473EC1DDD} = {B08DE5C1-E6C1-4CF0-804E-3FA9A74F8B9F}
		{CADBC9FB-FDFC-4DA3-8C1E-9788100669B4} = {57ED3D60-688A-4BE2-B4BE-36B529111E70}
		{241AA497-6F79-43DD-8D7C-16713DD5DCA0} = {B08DE5C1-E6C1-4CF0-804E-3FA9A74F8B9F}
		{2FD357E0-9252-41D2-9539-7AF5F57CF354} = {B53D8808-F4C1-464F-903C-5D5E99A51B8E}
		{E24A1498-72D6-4022-B456-83F5EE74F458} = {B53D8808-F4C1-464F-903C-5D5E99A51B8E}
		{78870242-D69B-4171-88B3-CE825BF280DE} = {72C682A2-5B4C-4513-8210-C000A8C37A34}
		{570796D3-C0D9-4CC9-8402-D4326975B707} = {72C682A2-5B4C-4513-8210-C000A8C37A34}
		{D575F827-6A51-4299-B622-179083CD139A} = {72C682A2-5B4C-4513-8210-C000A8C37A34}
	EndGlobalSection
	GlobalSection(ExtensibilityGlobals) = postSolution
		SolutionGuid = {C2DE5569-BF30-43CC-B041-739E1498C0BD}
	EndGlobalSection
EndGlobal
